{
  "originHash" : "f378d0517ac7cb918b2824a5a8a6f024067823ced7c6dd92014d7f870db39003",
  "pins" : [
    {
      "identity" : "opengraph",
      "kind" : "remoteSourceControl",
      "location" : "https://github.com/satoshi-takano/OpenGraph",
      "state" : {
        "revision" : "3ef2b8b9b4972b57e9e78c91c26be770c0110057",
        "version" : "1.5.0"
      }
    }
  ],
  "version" : 3
}
